
Microsoft Visual Studio Solution File, Format Version 12.00
# Visual Studio 15
VisualStudioVersion = 15.0.28307.539
MinimumVisualStudioVersion = 10.0.40219.1
Project("{FAE04EC0-301F-11D3-BF4B-00C04F79EFBC}") = "CustomerApp", "CustomerApp\CustomerApp.csproj", "{95F7B3D0-428B-4BE2-A302-475F5E189896}"
EndProject
Project("{00D1A9C2-B5F0-4AF3-8072-F6C62B433612}") = "CustomerApp.Database", "CustomerApp.Database\CustomerApp.Database.sqlproj", "{1D61310D-BA7E-4EF4-9BA7-83E25E3997BF}"
EndProject
Global
	GlobalSection(SolutionConfigurationPlatforms) = preSolution
		Debug|Any CPU = Debug|Any CPU
		Release|Any CPU = Release|Any CPU
	EndGlobalSection
	GlobalSection(ProjectConfigurationPlatforms) = postSolution
		{95F7B3D0-428B-4BE2-A302-475F5E189896}.Debug|Any CPU.ActiveCfg = Debug|Any CPU
		{95F7B3D0-428B-4BE2-A302-475F5E189896}.Debug|Any CPU.Build.0 = Debug|Any CPU
		{95F7B3D0-428B-4BE2-A302-475F5E189896}.Release|Any CPU.ActiveCfg = Release|Any CPU
		{95F7B3D0-428B-4BE2-A302-475F5E189896}.Release|Any CPU.Build.0 = Release|Any CPU
		{1D61310D-BA7E-4EF4-9BA7-83E25E3997BF}.Debug|Any CPU.ActiveCfg = Debug|Any CPU
		{1D61310D-BA7E-4EF4-9BA7-83E25E3997BF}.Debug|Any CPU.Build.0 = Debug|Any CPU
		{1D61310D-BA7E-4EF4-9BA7-83E25E3997BF}.Debug|Any CPU.Deploy.0 = Debug|Any CPU
		{1D61310D-BA7E-4EF4-9BA7-83E25E3997BF}.Release|Any CPU.ActiveCfg = Release|Any CPU
		{1D61310D-BA7E-4EF4-9BA7-83E25E3997BF}.Release|Any CPU.Build.0 = Release|Any CPU
		{1D61310D-BA7E-4EF4-9BA7-83E25E3997BF}.Release|Any CPU.Deploy.0 = Release|Any CPU
	EndGlobalSection
	GlobalSection(SolutionProperties) = preSolution
		HideSolutionNode = FALSE
	EndGlobalSection
	GlobalSection(ExtensibilityGlobals) = postSolution
		SolutionGuid = {7AFA6744-2F40-4F2E-8905-F256E9C93C4F}
	EndGlobalSection
EndGlobal
